
Microsoft Visual Studio Solution File, Format Version 12.00
# Visual Studio 2012
Project("{2150E333-8FDC-42A3-9474-1A3956D46DE8}") = "Service", "Service", "{4A397DA3-F0E4-4CB6-8347-E7E5862882C6}"
EndProject
Project("{2150E333-8FDC-42A3-9474-1A3956D46DE8}") = "Client", "Client", "{E9447230-2147-4EF1-A9CB-182205DF83D7}"
EndProject
Project("{2150E333-8FDC-42A3-9474-1A3956D46DE8}") = "Basis", "Basis", "{B42504CE-D98D-4676-8C70-1E08F11536EB}"
EndProject
Project("{FAE04EC0-301F-11D3-BF4B-00C04F79EFBC}") = "IWorld.Model", "IWorld.Model\IWorld.Model.csproj", "{9BBA14C5-6CF5-4962-AD16-CC4CFB7F7A55}"
EndProject
Project("{FAE04EC0-301F-11D3-BF4B-00C04F79EFBC}") = "IWorld.Model.Manager", "IWorld.Model.Manager\IWorld.Model.Manager.csproj", "{EEFAACDC-65C9-4156-9815-90B6C4DA9619}"
EndProject
Project("{FAE04EC0-301F-11D3-BF4B-00C04F79EFBC}") = "IWorld.Model.Manager.Factory", "IWorld.Model.Manager.Factory\IWorld.Model.Manager.Factory.csproj", "{4711F68E-2342-4B42-ACE1-008EABBC07FC}"
EndProject
Project("{FAE04EC0-301F-11D3-BF4B-00C04F79EFBC}") = "IWorld.Service", "IWorld.Service\IWorld.Service.csproj", "{15B3E0D2-6217-493A-A690-158C497F5318}"
EndProject
Project("{FAE04EC0-301F-11D3-BF4B-00C04F79EFBC}") = "IWorld.Service.Reader", "IWorld.Service.Reader\IWorld.Service.Reader.csproj", "{C1FCADD3-0659-4589-B338-19EA1381BFF2}"
EndProject
Project("{FAE04EC0-301F-11D3-BF4B-00C04F79EFBC}") = "IWorld.Service.DataContract", "IWorld.Service.DataContract\IWorld.Service.DataContract.csproj", "{4483BAD3-02FD-493D-A494-D3BF266D8F71}"
EndProject
Project("{FAE04EC0-301F-11D3-BF4B-00C04F79EFBC}") = "IWorld.Client", "IWorld.Client\IWorld.Client.csproj", "{617765B2-B392-4D97-BD1E-08105B5C283D}"
EndProject
Project("{FAE04EC0-301F-11D3-BF4B-00C04F79EFBC}") = "IWorld.Client.Web", "IWorld.Client.Web\IWorld.Client.Web.csproj", "{A60C1A8D-810A-4B56-BE33-271495C7278D}"
EndProject
Project("{FAE04EC0-301F-11D3-BF4B-00C04F79EFBC}") = "IWorld.Client.Control", "IWorld.Client.Control\IWorld.Client.Control.csproj", "{DA8EBF9B-CB1B-49E5-B599-0E1A238D3463}"
EndProject
Project("{FAE04EC0-301F-11D3-BF4B-00C04F79EFBC}") = "IWorld.Client.Framework", "IWorld.Client.Framework\IWorld.Client.Framework.csproj", "{712E5823-3F96-4E06-ACF1-5C0677CAF529}"
EndProject
Project("{FAE04EC0-301F-11D3-BF4B-00C04F79EFBC}") = "IWorld.Model.Aid", "IWorld.Model.Aid\IWorld.Model.Aid.csproj", "{CBE12B2A-A6C7-4BE6-BC89-C0CBD62F0BED}"
EndProject
Project("{2150E333-8FDC-42A3-9474-1A3956D46DE8}") = "Test", "Test", "{D4835E49-4614-4628-A4B9-9BFDB10D29D6}"
EndProject
Project("{2150E333-8FDC-42A3-9474-1A3956D46DE8}") = "Basis", "Basis", "{1D33E957-4624-439E-A9AB-E18A080FE47A}"
EndProject
Project("{FAE04EC0-301F-11D3-BF4B-00C04F79EFBC}") = "IWorld.Model.Aid.Test", "IWorld.Model.Aid.Test\IWorld.Model.Aid.Test.csproj", "{B51738B4-CF5F-48DE-9AD4-A8A9FB88C99B}"
EndProject
Project("{FAE04EC0-301F-11D3-BF4B-00C04F79EFBC}") = "IWorld.Model.Test", "IWorld.Model.Test\IWorld.Model.Test.csproj", "{2BF7277E-93B4-4E17-9DA0-2575EE9FE79D}"
EndProject
Project("{2150E333-8FDC-42A3-9474-1A3956D46DE8}") = "Host", "Host", "{AA54FB3C-B2FA-40FF-8784-0BB9A63F1B56}"
EndProject
Project("{FAE04EC0-301F-11D3-BF4B-00C04F79EFBC}") = "IWorld.Host", "IWorld.Host\IWorld.Host.csproj", "{B1327992-7BEE-4E83-BF84-F5A372F20A77}"
EndProject
Project("{FAE04EC0-301F-11D3-BF4B-00C04F79EFBC}") = "IWorld.Host.Control", "IWorld.Host.Control\IWorld.Host.Control.csproj", "{8ED4099E-C09A-45AF-BBA5-341EBBC209C1}"
EndProject
Project("{FAE04EC0-301F-11D3-BF4B-00C04F79EFBC}") = "IWorld.Host.Framework", "IWorld.Host.Framework\IWorld.Host.Framework.csproj", "{6CBAD982-9601-4CEA-834B-F796E2BCDEDD}"
EndProject
Global
	GlobalSection(SolutionConfigurationPlatforms) = preSolution
		Debug|Any CPU = Debug|Any CPU
		Release|Any CPU = Release|Any CPU
	EndGlobalSection
	GlobalSection(ProjectConfigurationPlatforms) = postSolution
		{9BBA14C5-6CF5-4962-AD16-CC4CFB7F7A55}.Debug|Any CPU.ActiveCfg = Debug|Any CPU
		{9BBA14C5-6CF5-4962-AD16-CC4CFB7F7A55}.Debug|Any CPU.Build.0 = Debug|Any CPU
		{9BBA14C5-6CF5-4962-AD16-CC4CFB7F7A55}.Release|Any CPU.ActiveCfg = Release|Any CPU
		{9BBA14C5-6CF5-4962-AD16-CC4CFB7F7A55}.Release|Any CPU.Build.0 = Release|Any CPU
		{EEFAACDC-65C9-4156-9815-90B6C4DA9619}.Debug|Any CPU.ActiveCfg = Debug|Any CPU
		{EEFAACDC-65C9-4156-9815-90B6C4DA9619}.Debug|Any CPU.Build.0 = Debug|Any CPU
		{EEFAACDC-65C9-4156-9815-90B6C4DA9619}.Release|Any CPU.ActiveCfg = Release|Any CPU
		{EEFAACDC-65C9-4156-9815-90B6C4DA9619}.Release|Any CPU.Build.0 = Release|Any CPU
		{4711F68E-2342-4B42-ACE1-008EABBC07FC}.Debug|Any CPU.ActiveCfg = Debug|Any CPU
		{4711F68E-2342-4B42-ACE1-008EABBC07FC}.Debug|Any CPU.Build.0 = Debug|Any CPU
		{4711F68E-2342-4B42-ACE1-008EABBC07FC}.Release|Any CPU.ActiveCfg = Release|Any CPU
		{4711F68E-2342-4B42-ACE1-008EABBC07FC}.Release|Any CPU.Build.0 = Release|Any CPU
		{15B3E0D2-6217-493A-A690-158C497F5318}.Debug|Any CPU.ActiveCfg = Debug|Any CPU
		{15B3E0D2-6217-493A-A690-158C497F5318}.Debug|Any CPU.Build.0 = Debug|Any CPU
		{15B3E0D2-6217-493A-A690-158C497F5318}.Release|Any CPU.ActiveCfg = Release|Any CPU
		{15B3E0D2-6217-493A-A690-158C497F5318}.Release|Any CPU.Build.0 = Release|Any CPU
		{C1FCADD3-0659-4589-B338-19EA1381BFF2}.Debug|Any CPU.ActiveCfg = Debug|Any CPU
		{C1FCADD3-0659-4589-B338-19EA1381BFF2}.Debug|Any CPU.Build.0 = Debug|Any CPU
		{C1FCADD3-0659-4589-B338-19EA1381BFF2}.Release|Any CPU.ActiveCfg = Release|Any CPU
		{C1FCADD3-0659-4589-B338-19EA1381BFF2}.Release|Any CPU.Build.0 = Release|Any CPU
		{4483BAD3-02FD-493D-A494-D3BF266D8F71}.Debug|Any CPU.ActiveCfg = Debug|Any CPU
		{4483BAD3-02FD-493D-A494-D3BF266D8F71}.Debug|Any CPU.Build.0 = Debug|Any CPU
		{4483BAD3-02FD-493D-A494-D3BF266D8F71}.Release|Any CPU.ActiveCfg = Release|Any CPU
		{4483BAD3-02FD-493D-A494-D3BF266D8F71}.Release|Any CPU.Build.0 = Release|Any CPU
		{617765B2-B392-4D97-BD1E-08105B5C283D}.Debug|Any CPU.ActiveCfg = Debug|Any CPU
		{617765B2-B392-4D97-BD1E-08105B5C283D}.Debug|Any CPU.Build.0 = Debug|Any CPU
		{617765B2-B392-4D97-BD1E-08105B5C283D}.Release|Any CPU.ActiveCfg = Release|Any CPU
		{617765B2-B392-4D97-BD1E-08105B5C283D}.Release|Any CPU.Build.0 = Release|Any CPU
		{A60C1A8D-810A-4B56-BE33-271495C7278D}.Debug|Any CPU.ActiveCfg = Debug|Any CPU
		{A60C1A8D-810A-4B56-BE33-271495C7278D}.Debug|Any CPU.Build.0 = Debug|Any CPU
		{A60C1A8D-810A-4B56-BE33-271495C7278D}.Release|Any CPU.ActiveCfg = Release|Any CPU
		{A60C1A8D-810A-4B56-BE33-271495C7278D}.Release|Any CPU.Build.0 = Release|Any CPU
		{DA8EBF9B-CB1B-49E5-B599-0E1A238D3463}.Debug|Any CPU.ActiveCfg = Debug|Any CPU
		{DA8EBF9B-CB1B-49E5-B599-0E1A238D3463}.Debug|Any CPU.Build.0 = Debug|Any CPU
		{DA8EBF9B-CB1B-49E5-B599-0E1A238D3463}.Release|Any CPU.ActiveCfg = Release|Any CPU
		{DA8EBF9B-CB1B-49E5-B599-0E1A238D3463}.Release|Any CPU.Build.0 = Release|Any CPU
		{712E5823-3F96-4E06-ACF1-5C0677CAF529}.Debug|Any CPU.ActiveCfg = Debug|Any CPU
		{712E5823-3F96-4E06-ACF1-5C0677CAF529}.Debug|Any CPU.Build.0 = Debug|Any CPU
		{712E5823-3F96-4E06-ACF1-5C0677CAF529}.Release|Any CPU.ActiveCfg = Release|Any CPU
		{712E5823-3F96-4E06-ACF1-5C0677CAF529}.Release|Any CPU.Build.0 = Release|Any CPU
		{CBE12B2A-A6C7-4BE6-BC89-C0CBD62F0BED}.Debug|Any CPU.ActiveCfg = Debug|Any CPU
		{CBE12B2A-A6C7-4BE6-BC89-C0CBD62F0BED}.Debug|Any CPU.Build.0 = Debug|Any CPU
		{CBE12B2A-A6C7-4BE6-BC89-C0CBD62F0BED}.Release|Any CPU.ActiveCfg = Release|Any CPU
		{CBE12B2A-A6C7-4BE6-BC89-C0CBD62F0BED}.Release|Any CPU.Build.0 = Release|Any CPU
		{B51738B4-CF5F-48DE-9AD4-A8A9FB88C99B}.Debug|Any CPU.ActiveCfg = Debug|Any CPU
		{B51738B4-CF5F-48DE-9AD4-A8A9FB88C99B}.Debug|Any CPU.Build.0 = Debug|Any CPU
		{B51738B4-CF5F-48DE-9AD4-A8A9FB88C99B}.Release|Any CPU.ActiveCfg = Release|Any CPU
		{B51738B4-CF5F-48DE-9AD4-A8A9FB88C99B}.Release|Any CPU.Build.0 = Release|Any CPU
		{2BF7277E-93B4-4E17-9DA0-2575EE9FE79D}.Debug|Any CPU.ActiveCfg = Debug|Any CPU
		{2BF7277E-93B4-4E17-9DA0-2575EE9FE79D}.Debug|Any CPU.Build.0 = Debug|Any CPU
		{2BF7277E-93B4-4E17-9DA0-2575EE9FE79D}.Release|Any CPU.ActiveCfg = Release|Any CPU
		{2BF7277E-93B4-4E17-9DA0-2575EE9FE79D}.Release|Any CPU.Build.0 = Release|Any CPU
		{B1327992-7BEE-4E83-BF84-F5A372F20A77}.Debug|Any CPU.ActiveCfg = Debug|Any CPU
		{B1327992-7BEE-4E83-BF84-F5A372F20A77}.Debug|Any CPU.Build.0 = Debug|Any CPU
		{B1327992-7BEE-4E83-BF84-F5A372F20A77}.Release|Any CPU.ActiveCfg = Release|Any CPU
		{B1327992-7BEE-4E83-BF84-F5A372F20A77}.Release|Any CPU.Build.0 = Release|Any CPU
		{8ED4099E-C09A-45AF-BBA5-341EBBC209C1}.Debug|Any CPU.ActiveCfg = Debug|Any CPU
		{8ED4099E-C09A-45AF-BBA5-341EBBC209C1}.Debug|Any CPU.Build.0 = Debug|Any CPU
		{8ED4099E-C09A-45AF-BBA5-341EBBC209C1}.Release|Any CPU.ActiveCfg = Release|Any CPU
		{8ED4099E-C09A-45AF-BBA5-341EBBC209C1}.Release|Any CPU.Build.0 = Release|Any CPU
		{6CBAD982-9601-4CEA-834B-F796E2BCDEDD}.Debug|Any CPU.ActiveCfg = Debug|Any CPU
		{6CBAD982-9601-4CEA-834B-F796E2BCDEDD}.Debug|Any CPU.Build.0 = Debug|Any CPU
		{6CBAD982-9601-4CEA-834B-F796E2BCDEDD}.Release|Any CPU.ActiveCfg = Release|Any CPU
		{6CBAD982-9601-4CEA-834B-F796E2BCDEDD}.Release|Any CPU.Build.0 = Release|Any CPU
	EndGlobalSection
	GlobalSection(SolutionProperties) = preSolution
		HideSolutionNode = FALSE
	EndGlobalSection
	GlobalSection(NestedProjects) = preSolution
		{15B3E0D2-6217-493A-A690-158C497F5318} = {4A397DA3-F0E4-4CB6-8347-E7E5862882C6}
		{C1FCADD3-0659-4589-B338-19EA1381BFF2} = {4A397DA3-F0E4-4CB6-8347-E7E5862882C6}
		{4483BAD3-02FD-493D-A494-D3BF266D8F71} = {4A397DA3-F0E4-4CB6-8347-E7E5862882C6}
		{617765B2-B392-4D97-BD1E-08105B5C283D} = {E9447230-2147-4EF1-A9CB-182205DF83D7}
		{A60C1A8D-810A-4B56-BE33-271495C7278D} = {E9447230-2147-4EF1-A9CB-182205DF83D7}
		{DA8EBF9B-CB1B-49E5-B599-0E1A238D3463} = {E9447230-2147-4EF1-A9CB-182205DF83D7}
		{712E5823-3F96-4E06-ACF1-5C0677CAF529} = {E9447230-2147-4EF1-A9CB-182205DF83D7}
		{9BBA14C5-6CF5-4962-AD16-CC4CFB7F7A55} = {B42504CE-D98D-4676-8C70-1E08F11536EB}
		{EEFAACDC-65C9-4156-9815-90B6C4DA9619} = {B42504CE-D98D-4676-8C70-1E08F11536EB}
		{4711F68E-2342-4B42-ACE1-008EABBC07FC} = {B42504CE-D98D-4676-8C70-1E08F11536EB}
		{CBE12B2A-A6C7-4BE6-BC89-C0CBD62F0BED} = {B42504CE-D98D-4676-8C70-1E08F11536EB}
		{1D33E957-4624-439E-A9AB-E18A080FE47A} = {D4835E49-4614-4628-A4B9-9BFDB10D29D6}
		{B51738B4-CF5F-48DE-9AD4-A8A9FB88C99B} = {1D33E957-4624-439E-A9AB-E18A080FE47A}
		{2BF7277E-93B4-4E17-9DA0-2575EE9FE79D} = {1D33E957-4624-439E-A9AB-E18A080FE47A}
		{B1327992-7BEE-4E83-BF84-F5A372F20A77} = {AA54FB3C-B2FA-40FF-8784-0BB9A63F1B56}
		{8ED4099E-C09A-45AF-BBA5-341EBBC209C1} = {AA54FB3C-B2FA-40FF-8784-0BB9A63F1B56}
		{6CBAD982-9601-4CEA-834B-F796E2BCDEDD} = {AA54FB3C-B2FA-40FF-8784-0BB9A63F1B56}
	EndGlobalSection
EndGlobal
