
Microsoft Visual Studio Solution File, Format Version 12.00
# Visual Studio 2012
Project("{FAE04EC0-301F-11D3-BF4B-00C04F79EFBC}") = "IWorld.Model", "IWorld.Model\IWorld.Model.csproj", "{1094EA11-4206-4E42-A70F-32CC24805407}"
EndProject
Project("{FAE04EC0-301F-11D3-BF4B-00C04F79EFBC}") = "IWorld.Model.Manager", "IWorld.Model.Manager\IWorld.Model.Manager.csproj", "{67F85F07-9E87-4A50-992B-BB397C6FA91E}"
EndProject
Project("{FAE04EC0-301F-11D3-BF4B-00C04F79EFBC}") = "IWorld.Service", "IWorld.Service\IWorld.Service.csproj", "{C83542E2-E16E-4840-BC93-2084AA8EDE20}"
EndProject
Project("{FAE04EC0-301F-11D3-BF4B-00C04F79EFBC}") = "IWorld.Service.Reader", "IWorld.Service.Reader\IWorld.Service.Reader.csproj", "{FF422A98-F407-4DA9-861C-4C56F0A48927}"
EndProject
Project("{FAE04EC0-301F-11D3-BF4B-00C04F79EFBC}") = "IWorld.Service.Contract", "IWorld.Service.Contract\IWorld.Service.Contract.csproj", "{26BDEA46-F7C0-406F-B04F-1845F8ED4348}"
EndProject
Project("{FAE04EC0-301F-11D3-BF4B-00C04F79EFBC}") = "IWorld.Service.Contract.Admin", "IWorld.Service.Contract.Admin\IWorld.Service.Contract.Admin.csproj", "{2B34EAC1-7024-4A8D-9413-41E6EFC62A73}"
EndProject
Project("{FAE04EC0-301F-11D3-BF4B-00C04F79EFBC}") = "IWorld.Service.Contract.Client", "IWorld.Service.Contract.Client\IWorld.Service.Contract.Client.csproj", "{77A22CAC-6A1C-4DEA-97FA-FE72B4470DA2}"
EndProject
Project("{FAE04EC0-301F-11D3-BF4B-00C04F79EFBC}") = "IWorld.Setting", "IWorld.Setting\IWorld.Setting.csproj", "{EAACA541-094B-48F1-91B8-9AADD8EA38B0}"
EndProject
Project("{FAE04EC0-301F-11D3-BF4B-00C04F79EFBC}") = "IWorld.Helper", "IWorld.Helper\IWorld.Helper.csproj", "{55DE2E1C-1013-41C1-A91A-107510D07272}"
EndProject
Project("{2150E333-8FDC-42A3-9474-1A3956D46DE8}") = "Model", "Model", "{67B928FC-36E9-4057-B71E-9F9778933B70}"
EndProject
Project("{2150E333-8FDC-42A3-9474-1A3956D46DE8}") = "Service", "Service", "{FE0E979D-B751-49BF-A211-8FAEBED9912E}"
EndProject
Project("{2150E333-8FDC-42A3-9474-1A3956D46DE8}") = "Client", "Client", "{9224382B-E080-4637-B869-6B386217B22B}"
EndProject
Project("{2150E333-8FDC-42A3-9474-1A3956D46DE8}") = "Admin", "Admin", "{F9D7C6CC-4FE9-4396-81FE-54B4E5696686}"
EndProject
Project("{2150E333-8FDC-42A3-9474-1A3956D46DE8}") = "Other", "Other", "{3736F061-AF04-4C66-B9D0-F87AFC0331E9}"
EndProject
Project("{FAE04EC0-301F-11D3-BF4B-00C04F79EFBC}") = "IWorld.Client", "IWorld.Client\IWorld.Client.csproj", "{D21FA801-E854-4300-9B18-6FEF7E658329}"
EndProject
Project("{FAE04EC0-301F-11D3-BF4B-00C04F79EFBC}") = "IWorld.Web", "IWorld.Web\IWorld.Web.csproj", "{8BA22E19-CE9D-4114-B90B-B7C01EA2B5DD}"
EndProject
Project("{FAE04EC0-301F-11D3-BF4B-00C04F79EFBC}") = "IWorld.Admin", "IWorld.Admin\IWorld.Admin.csproj", "{44C9F223-D4E4-45EF-916B-39779D9A7528}"
EndProject
Project("{FAE04EC0-301F-11D3-BF4B-00C04F79EFBC}") = "IWorld.Admin.Framework", "IWorld.Admin.Framework\IWorld.Admin.Framework.csproj", "{C4F65B91-9550-4448-B5B1-EF76748C25FD}"
EndProject
Project("{FAE04EC0-301F-11D3-BF4B-00C04F79EFBC}") = "IWorld.Admin.Controls", "IWorld.Admin.Controls\IWorld.Admin.Controls.csproj", "{BCB70E03-8D2B-49F2-82B0-F088E06C0CA9}"
EndProject
Project("{FAE04EC0-301F-11D3-BF4B-00C04F79EFBC}") = "IWorld.Client.Controls", "IWorld.Client.Controls\IWorld.Client.Controls.csproj", "{E1A34849-C340-4B9A-B507-A9F1695ECF0F}"
EndProject
Project("{FAE04EC0-301F-11D3-BF4B-00C04F79EFBC}") = "IWorld.Client.Framework", "IWorld.Client.Framework\IWorld.Client.Framework.csproj", "{8825BEDE-8AAA-4F9A-8B76-FD19E3F1FDC7}"
EndProject
Global
	GlobalSection(SolutionConfigurationPlatforms) = preSolution
		Debug|Any CPU = Debug|Any CPU
		Release|Any CPU = Release|Any CPU
	EndGlobalSection
	GlobalSection(ProjectConfigurationPlatforms) = postSolution
		{1094EA11-4206-4E42-A70F-32CC24805407}.Debug|Any CPU.ActiveCfg = Debug|Any CPU
		{1094EA11-4206-4E42-A70F-32CC24805407}.Debug|Any CPU.Build.0 = Debug|Any CPU
		{1094EA11-4206-4E42-A70F-32CC24805407}.Release|Any CPU.ActiveCfg = Release|Any CPU
		{1094EA11-4206-4E42-A70F-32CC24805407}.Release|Any CPU.Build.0 = Release|Any CPU
		{67F85F07-9E87-4A50-992B-BB397C6FA91E}.Debug|Any CPU.ActiveCfg = Debug|Any CPU
		{67F85F07-9E87-4A50-992B-BB397C6FA91E}.Debug|Any CPU.Build.0 = Debug|Any CPU
		{67F85F07-9E87-4A50-992B-BB397C6FA91E}.Release|Any CPU.ActiveCfg = Release|Any CPU
		{67F85F07-9E87-4A50-992B-BB397C6FA91E}.Release|Any CPU.Build.0 = Release|Any CPU
		{C83542E2-E16E-4840-BC93-2084AA8EDE20}.Debug|Any CPU.ActiveCfg = Debug|Any CPU
		{C83542E2-E16E-4840-BC93-2084AA8EDE20}.Debug|Any CPU.Build.0 = Debug|Any CPU
		{C83542E2-E16E-4840-BC93-2084AA8EDE20}.Release|Any CPU.ActiveCfg = Release|Any CPU
		{C83542E2-E16E-4840-BC93-2084AA8EDE20}.Release|Any CPU.Build.0 = Release|Any CPU
		{FF422A98-F407-4DA9-861C-4C56F0A48927}.Debug|Any CPU.ActiveCfg = Debug|Any CPU
		{FF422A98-F407-4DA9-861C-4C56F0A48927}.Debug|Any CPU.Build.0 = Debug|Any CPU
		{FF422A98-F407-4DA9-861C-4C56F0A48927}.Release|Any CPU.ActiveCfg = Release|Any CPU
		{FF422A98-F407-4DA9-861C-4C56F0A48927}.Release|Any CPU.Build.0 = Release|Any CPU
		{26BDEA46-F7C0-406F-B04F-1845F8ED4348}.Debug|Any CPU.ActiveCfg = Debug|Any CPU
		{26BDEA46-F7C0-406F-B04F-1845F8ED4348}.Debug|Any CPU.Build.0 = Debug|Any CPU
		{26BDEA46-F7C0-406F-B04F-1845F8ED4348}.Release|Any CPU.ActiveCfg = Release|Any CPU
		{26BDEA46-F7C0-406F-B04F-1845F8ED4348}.Release|Any CPU.Build.0 = Release|Any CPU
		{2B34EAC1-7024-4A8D-9413-41E6EFC62A73}.Debug|Any CPU.ActiveCfg = Debug|Any CPU
		{2B34EAC1-7024-4A8D-9413-41E6EFC62A73}.Debug|Any CPU.Build.0 = Debug|Any CPU
		{2B34EAC1-7024-4A8D-9413-41E6EFC62A73}.Release|Any CPU.ActiveCfg = Release|Any CPU
		{2B34EAC1-7024-4A8D-9413-41E6EFC62A73}.Release|Any CPU.Build.0 = Release|Any CPU
		{77A22CAC-6A1C-4DEA-97FA-FE72B4470DA2}.Debug|Any CPU.ActiveCfg = Debug|Any CPU
		{77A22CAC-6A1C-4DEA-97FA-FE72B4470DA2}.Debug|Any CPU.Build.0 = Debug|Any CPU
		{77A22CAC-6A1C-4DEA-97FA-FE72B4470DA2}.Release|Any CPU.ActiveCfg = Release|Any CPU
		{77A22CAC-6A1C-4DEA-97FA-FE72B4470DA2}.Release|Any CPU.Build.0 = Release|Any CPU
		{EAACA541-094B-48F1-91B8-9AADD8EA38B0}.Debug|Any CPU.ActiveCfg = Debug|Any CPU
		{EAACA541-094B-48F1-91B8-9AADD8EA38B0}.Debug|Any CPU.Build.0 = Debug|Any CPU
		{EAACA541-094B-48F1-91B8-9AADD8EA38B0}.Release|Any CPU.ActiveCfg = Release|Any CPU
		{EAACA541-094B-48F1-91B8-9AADD8EA38B0}.Release|Any CPU.Build.0 = Release|Any CPU
		{55DE2E1C-1013-41C1-A91A-107510D07272}.Debug|Any CPU.ActiveCfg = Debug|Any CPU
		{55DE2E1C-1013-41C1-A91A-107510D07272}.Debug|Any CPU.Build.0 = Debug|Any CPU
		{55DE2E1C-1013-41C1-A91A-107510D07272}.Release|Any CPU.ActiveCfg = Release|Any CPU
		{55DE2E1C-1013-41C1-A91A-107510D07272}.Release|Any CPU.Build.0 = Release|Any CPU
		{D21FA801-E854-4300-9B18-6FEF7E658329}.Debug|Any CPU.ActiveCfg = Debug|Any CPU
		{D21FA801-E854-4300-9B18-6FEF7E658329}.Debug|Any CPU.Build.0 = Debug|Any CPU
		{D21FA801-E854-4300-9B18-6FEF7E658329}.Release|Any CPU.ActiveCfg = Release|Any CPU
		{D21FA801-E854-4300-9B18-6FEF7E658329}.Release|Any CPU.Build.0 = Release|Any CPU
		{8BA22E19-CE9D-4114-B90B-B7C01EA2B5DD}.Debug|Any CPU.ActiveCfg = Debug|Any CPU
		{8BA22E19-CE9D-4114-B90B-B7C01EA2B5DD}.Debug|Any CPU.Build.0 = Debug|Any CPU
		{8BA22E19-CE9D-4114-B90B-B7C01EA2B5DD}.Release|Any CPU.ActiveCfg = Release|Any CPU
		{8BA22E19-CE9D-4114-B90B-B7C01EA2B5DD}.Release|Any CPU.Build.0 = Release|Any CPU
		{44C9F223-D4E4-45EF-916B-39779D9A7528}.Debug|Any CPU.ActiveCfg = Debug|Any CPU
		{44C9F223-D4E4-45EF-916B-39779D9A7528}.Debug|Any CPU.Build.0 = Debug|Any CPU
		{44C9F223-D4E4-45EF-916B-39779D9A7528}.Release|Any CPU.ActiveCfg = Release|Any CPU
		{44C9F223-D4E4-45EF-916B-39779D9A7528}.Release|Any CPU.Build.0 = Release|Any CPU
		{C4F65B91-9550-4448-B5B1-EF76748C25FD}.Debug|Any CPU.ActiveCfg = Debug|Any CPU
		{C4F65B91-9550-4448-B5B1-EF76748C25FD}.Debug|Any CPU.Build.0 = Debug|Any CPU
		{C4F65B91-9550-4448-B5B1-EF76748C25FD}.Release|Any CPU.ActiveCfg = Release|Any CPU
		{C4F65B91-9550-4448-B5B1-EF76748C25FD}.Release|Any CPU.Build.0 = Release|Any CPU
		{BCB70E03-8D2B-49F2-82B0-F088E06C0CA9}.Debug|Any CPU.ActiveCfg = Debug|Any CPU
		{BCB70E03-8D2B-49F2-82B0-F088E06C0CA9}.Debug|Any CPU.Build.0 = Debug|Any CPU
		{BCB70E03-8D2B-49F2-82B0-F088E06C0CA9}.Release|Any CPU.ActiveCfg = Release|Any CPU
		{BCB70E03-8D2B-49F2-82B0-F088E06C0CA9}.Release|Any CPU.Build.0 = Release|Any CPU
		{E1A34849-C340-4B9A-B507-A9F1695ECF0F}.Debug|Any CPU.ActiveCfg = Debug|Any CPU
		{E1A34849-C340-4B9A-B507-A9F1695ECF0F}.Debug|Any CPU.Build.0 = Debug|Any CPU
		{E1A34849-C340-4B9A-B507-A9F1695ECF0F}.Release|Any CPU.ActiveCfg = Release|Any CPU
		{E1A34849-C340-4B9A-B507-A9F1695ECF0F}.Release|Any CPU.Build.0 = Release|Any CPU
		{8825BEDE-8AAA-4F9A-8B76-FD19E3F1FDC7}.Debug|Any CPU.ActiveCfg = Debug|Any CPU
		{8825BEDE-8AAA-4F9A-8B76-FD19E3F1FDC7}.Debug|Any CPU.Build.0 = Debug|Any CPU
		{8825BEDE-8AAA-4F9A-8B76-FD19E3F1FDC7}.Release|Any CPU.ActiveCfg = Release|Any CPU
		{8825BEDE-8AAA-4F9A-8B76-FD19E3F1FDC7}.Release|Any CPU.Build.0 = Release|Any CPU
	EndGlobalSection
	GlobalSection(SolutionProperties) = preSolution
		HideSolutionNode = FALSE
	EndGlobalSection
	GlobalSection(NestedProjects) = preSolution
		{1094EA11-4206-4E42-A70F-32CC24805407} = {67B928FC-36E9-4057-B71E-9F9778933B70}
		{67F85F07-9E87-4A50-992B-BB397C6FA91E} = {67B928FC-36E9-4057-B71E-9F9778933B70}
		{C83542E2-E16E-4840-BC93-2084AA8EDE20} = {FE0E979D-B751-49BF-A211-8FAEBED9912E}
		{26BDEA46-F7C0-406F-B04F-1845F8ED4348} = {FE0E979D-B751-49BF-A211-8FAEBED9912E}
		{2B34EAC1-7024-4A8D-9413-41E6EFC62A73} = {FE0E979D-B751-49BF-A211-8FAEBED9912E}
		{77A22CAC-6A1C-4DEA-97FA-FE72B4470DA2} = {FE0E979D-B751-49BF-A211-8FAEBED9912E}
		{FF422A98-F407-4DA9-861C-4C56F0A48927} = {FE0E979D-B751-49BF-A211-8FAEBED9912E}
		{D21FA801-E854-4300-9B18-6FEF7E658329} = {9224382B-E080-4637-B869-6B386217B22B}
		{E1A34849-C340-4B9A-B507-A9F1695ECF0F} = {9224382B-E080-4637-B869-6B386217B22B}
		{8825BEDE-8AAA-4F9A-8B76-FD19E3F1FDC7} = {9224382B-E080-4637-B869-6B386217B22B}
		{44C9F223-D4E4-45EF-916B-39779D9A7528} = {F9D7C6CC-4FE9-4396-81FE-54B4E5696686}
		{C4F65B91-9550-4448-B5B1-EF76748C25FD} = {F9D7C6CC-4FE9-4396-81FE-54B4E5696686}
		{BCB70E03-8D2B-49F2-82B0-F088E06C0CA9} = {F9D7C6CC-4FE9-4396-81FE-54B4E5696686}
		{55DE2E1C-1013-41C1-A91A-107510D07272} = {3736F061-AF04-4C66-B9D0-F87AFC0331E9}
		{EAACA541-094B-48F1-91B8-9AADD8EA38B0} = {3736F061-AF04-4C66-B9D0-F87AFC0331E9}
		{8BA22E19-CE9D-4114-B90B-B7C01EA2B5DD} = {3736F061-AF04-4C66-B9D0-F87AFC0331E9}
	EndGlobalSection
EndGlobal
